# THIS IS AN AUTOGENERATED FILE. DO NOT EDIT THIS FILE DIRECTLY.
# yarn lockfile v1


"@noble/hashes@^1.4.0":
  version "1.8.0"
  resolved "https://registry.yarnpkg.com/@noble/hashes/-/hashes-1.8.0.tgz#cee43d801fcef9644b11b8194857695acd5f815a"
  integrity sha512-jCs9ldd7NwzpgXDIf6P3+NrHh9/sD6CQdxHyjQI+h/6rDNo88ypBxxz45UDuZHz9r3tNz7N/VInSVoVdtXEI4A==

"@shopify/web-pixels-extension@^1.0.0":
  version "1.4.0"
  resolved "https://registry.yarnpkg.com/@shopify/web-pixels-extension/-/web-pixels-extension-1.4.0.tgz#9e2fafa8da2b3c01701c9cdff8f69b43405b69e5"
  integrity sha512-vPRjf9U6O+GWPmqVO2SBPjcF4pM8V3U/en5pXQ9F5DiOgmgGOymscNEnmlvL+5tgTqetgv72OR81XOW73MXMYA==

typescript@^5.4.2:
  version "5.9.3"
  resolved "https://registry.yarnpkg.com/typescript/-/typescript-5.9.3.tgz#5b4f59e15310ab17a216f5d6cf53ee476ede670f"
  integrity sha512-jl1vZzPDinLr9eUt3J/t7V6FgNEw9QjvBPdysz9KfQDD41fQrC2Y4vKQdiaUpFT4bXlb1RHhLpp8wtm6M5TgSw==
